
Microsoft Visual Studio Solution File, Format Version 12.00
# Visual Studio Version 16
VisualStudioVersion = 16.0.30204.135
MinimumVisualStudioVersion = 10.0.40219.1
Project("{FAE04EC0-301F-11D3-BF4B-00C04F79EFBC}") = "Score68B.Net", "Score68B.Net\Score68B.Net.csproj", "{7040C76F-D428-47A6-BDCD-D9261540890A}"
EndProject
Global
	GlobalSection(SolutionConfigurationPlatforms) = preSolution
		Debug|Any CPU = Debug|Any CPU
		Release|Any CPU = Release|Any CPU
	EndGlobalSection
	GlobalSection(ProjectConfigurationPlatforms) = postSolution
		{7040C76F-D428-47A6-BDCD-D9261540890A}.Debug|Any CPU.ActiveCfg = Debug|Any CPU
		{7040C76F-D428-47A6-BDCD-D9261540890A}.Debug|Any CPU.Build.0 = Debug|Any CPU
		{7040C76F-D428-47A6-BDCD-D9261540890A}.Release|Any CPU.ActiveCfg = Release|Any CPU
		{7040C76F-D428-47A6-BDCD-D9261540890A}.Release|Any CPU.Build.0 = Release|Any CPU
	EndGlobalSection
	GlobalSection(SolutionProperties) = preSolution
		HideSolutionNode = FALSE
	EndGlobalSection
	GlobalSection(ExtensibilityGlobals) = postSolution
		SolutionGuid = {7F25BC8C-4205-433D-905A-814B5C1C5BC4}
	EndGlobalSection
EndGlobal
